
Microsoft Visual Studio Solution File, Format Version 12.00
# Visual Studio Version 17
VisualStudioVersion = 17.10.35122.118
MinimumVisualStudioVersion = 10.0.40219.1
Project("{FAE04EC0-301F-11D3-BF4B-00C04F79EFBC}") = "FixStuff", "FixStuff\FixStuff.csproj", "{16911B2F-548D-4F0A-9B32-B5453725CDE3}"
EndProject
Global
	GlobalSection(SolutionConfigurationPlatforms) = preSolution
		Debug|Any CPU = Debug|Any CPU
		Release|Any CPU = Release|Any CPU
	EndGlobalSection
	GlobalSection(ProjectConfigurationPlatforms) = postSolution
		{16911B2F-548D-4F0A-9B32-B5453725CDE3}.Debug|Any CPU.ActiveCfg = Debug|Any CPU
		{16911B2F-548D-4F0A-9B32-B5453725CDE3}.Debug|Any CPU.Build.0 = Debug|Any CPU
		{16911B2F-548D-4F0A-9B32-B5453725CDE3}.Release|Any CPU.ActiveCfg = Release|Any CPU
		{16911B2F-548D-4F0A-9B32-B5453725CDE3}.Release|Any CPU.Build.0 = Release|Any CPU
	EndGlobalSection
	GlobalSection(SolutionProperties) = preSolution
		HideSolutionNode = FALSE
	EndGlobalSection
	GlobalSection(ExtensibilityGlobals) = postSolution
		SolutionGuid = {FA00EAD0-EA3D-43B0-A3FD-0A143286CC3D}
	EndGlobalSection
EndGlobal
